
Microsoft Visual Studio Solution File, Format Version 12.00
# Visual Studio Version 16
VisualStudioVersion = 16.0.31129.286
MinimumVisualStudioVersion = 10.0.40219.1
Project("{FAE04EC0-301F-11D3-BF4B-00C04F79EFBC}") = "VuMobileTechnicalTest", "VuMobileTechnicalTest\VuMobileTechnicalTest.csproj", "{0F5F5492-E0E3-4EDC-9BB0-AC74CEE54EA0}"
EndProject
Global
	GlobalSection(SolutionConfigurationPlatforms) = preSolution
		Debug|Any CPU = Debug|Any CPU
		Release|Any CPU = Release|Any CPU
	EndGlobalSection
	GlobalSection(ProjectConfigurationPlatforms) = postSolution
		{0F5F5492-E0E3-4EDC-9BB0-AC74CEE54EA0}.Debug|Any CPU.ActiveCfg = Debug|Any CPU
		{0F5F5492-E0E3-4EDC-9BB0-AC74CEE54EA0}.Debug|Any CPU.Build.0 = Debug|Any CPU
		{0F5F5492-E0E3-4EDC-9BB0-AC74CEE54EA0}.Release|Any CPU.ActiveCfg = Release|Any CPU
		{0F5F5492-E0E3-4EDC-9BB0-AC74CEE54EA0}.Release|Any CPU.Build.0 = Release|Any CPU
	EndGlobalSection
	GlobalSection(SolutionProperties) = preSolution
		HideSolutionNode = FALSE
	EndGlobalSection
	GlobalSection(ExtensibilityGlobals) = postSolution
		SolutionGuid = {9FFD0086-C46E-4783-A534-DC9D5BF0FF4B}
	EndGlobalSection
EndGlobal
